// !$*UTF8*$!
{
	archiveVersion = 1;
	classes = {
	};
	objectVersion = 51;
	objects = {

/* Begin PBXBuildFile section */
		204971CE2383CBC200B1593C /* AppDelegate.swift in Sources */ = {isa = PBXBuildFile; fileRef = 204971CD2383CBC200B1593C /* AppDelegate.swift */; };
		204971D52383CBC200B1593C /* Main.storyboard in Resources */ = {isa = PBXBuildFile; fileRef = 204971D32383CBC200B1593C /* Main.storyboard */; };
		204971D72383CBC400B1593C /* Assets.xcassets in Resources */ = {isa = PBXBuildFile; fileRef = 204971D62383CBC400B1593C /* Assets.xcassets */; };
		204971DA2383CBC400B1593C /* LaunchScreen.storyboard in Resources */ = {isa = PBXBuildFile; fileRef = 204971D82383CBC400B1593C /* LaunchScreen.storyboard */; };
		204971EB2383DDC200B1593C /* Constants.swift in Sources */ = {isa = PBXBuildFile; fileRef = 204971EA2383DDC200B1593C /* Constants.swift */; };
		204972072383DDFE00B1593C /* BindableType.swift in Sources */ = {isa = PBXBuildFile; fileRef = 204971ED2383DDFE00B1593C /* BindableType.swift */; };
		204972082383DDFE00B1593C /* Rx+Optional.swift in Sources */ = {isa = PBXBuildFile; fileRef = 204971EF2383DDFE00B1593C /* Rx+Optional.swift */; };
		204972092383DDFE00B1593C /* Rx+Keyboard.swift in Sources */ = {isa = PBXBuildFile; fileRef = 204971F02383DDFE00B1593C /* Rx+Keyboard.swift */; };
		2049720A2383DDFE00B1593C /* Rx+BehaviorRelay.swift in Sources */ = {isa = PBXBuildFile; fileRef = 204971F12383DDFE00B1593C /* Rx+BehaviorRelay.swift */; };
		2049720B2383DDFE00B1593C /* Rx+TwoWayBinding.swift in Sources */ = {isa = PBXBuildFile; fileRef = 204971F22383DDFE00B1593C /* Rx+TwoWayBinding.swift */; };
		204972112383DDFE00B1593C /* NSErrorExtensions.swift in Sources */ = {isa = PBXBuildFile; fileRef = 204971F92383DDFE00B1593C /* NSErrorExtensions.swift */; };
		204972122383DDFE00B1593C /* UIAlertControllerExtension.swift in Sources */ = {isa = PBXBuildFile; fileRef = 204971FA2383DDFE00B1593C /* UIAlertControllerExtension.swift */; };
		204972132383DDFE00B1593C /* UIViewControllerExtension.swift in Sources */ = {isa = PBXBuildFile; fileRef = 204971FB2383DDFE00B1593C /* UIViewControllerExtension.swift */; };
		204972142383DDFE00B1593C /* UIViewExtensions.swift in Sources */ = {isa = PBXBuildFile; fileRef = 204971FC2383DDFE00B1593C /* UIViewExtensions.swift */; };
		204972162383DDFE00B1593C /* ClassIdentifiable.swift in Sources */ = {isa = PBXBuildFile; fileRef = 204971FF2383DDFE00B1593C /* ClassIdentifiable.swift */; };
		204972172383DDFE00B1593C /* NibIdentifiable.swift in Sources */ = {isa = PBXBuildFile; fileRef = 204972002383DDFE00B1593C /* NibIdentifiable.swift */; };
		204972182383DDFE00B1593C /* UITableView+Identifiable.swift in Sources */ = {isa = PBXBuildFile; fileRef = 204972012383DDFE00B1593C /* UITableView+Identifiable.swift */; };
		204972192383DDFE00B1593C /* DisposableTableViewCell.swift in Sources */ = {isa = PBXBuildFile; fileRef = 204972032383DDFE00B1593C /* DisposableTableViewCell.swift */; };
		2049721A2383DDFE00B1593C /* DisposableViewController.swift in Sources */ = {isa = PBXBuildFile; fileRef = 204972042383DDFE00B1593C /* DisposableViewController.swift */; };
		2049721B2383DDFE00B1593C /* DisposableViewModel.swift in Sources */ = {isa = PBXBuildFile; fileRef = 204972052383DDFE00B1593C /* DisposableViewModel.swift */; };
		205142042385017300A782D3 /* RecipeListViewController.swift in Sources */ = {isa = PBXBuildFile; fileRef = 205142022385017300A782D3 /* RecipeListViewController.swift */; };
		205142052385017300A782D3 /* RecipeListViewController.xib in Resources */ = {isa = PBXBuildFile; fileRef = 205142032385017300A782D3 /* RecipeListViewController.xib */; };
		205142072385018400A782D3 /* RecipeListViewModel.swift in Sources */ = {isa = PBXBuildFile; fileRef = 205142062385018400A782D3 /* RecipeListViewModel.swift */; };
		2051420A23850DFB00A782D3 /* RecipeService.swift in Sources */ = {isa = PBXBuildFile; fileRef = 2051420923850DFB00A782D3 /* RecipeService.swift */; };
		2051420C23850F6600A782D3 /* IngredientService.swift in Sources */ = {isa = PBXBuildFile; fileRef = 2051420B23850F6600A782D3 /* IngredientService.swift */; };
		20514210238514F200A782D3 /* RecipeViewController.swift in Sources */ = {isa = PBXBuildFile; fileRef = 2051420E238514F200A782D3 /* RecipeViewController.swift */; };
		20514211238514F200A782D3 /* RecipeViewController.xib in Resources */ = {isa = PBXBuildFile; fileRef = 2051420F238514F200A782D3 /* RecipeViewController.xib */; };
		205142132385150F00A782D3 /* RecipeViewModel.swift in Sources */ = {isa = PBXBuildFile; fileRef = 205142122385150F00A782D3 /* RecipeViewModel.swift */; };
		206D5D7123854F66001E1EB3 /* UserDefaultsExtension.swift in Sources */ = {isa = PBXBuildFile; fileRef = 206D5D7023854F66001E1EB3 /* UserDefaultsExtension.swift */; };
		206D5D732385557C001E1EB3 /* UserService.swift in Sources */ = {isa = PBXBuildFile; fileRef = 206D5D722385557C001E1EB3 /* UserService.swift */; };
		206D5D7723855DBB001E1EB3 /* RecipeListTableViewCell.swift in Sources */ = {isa = PBXBuildFile; fileRef = 206D5D7523855DBB001E1EB3 /* RecipeListTableViewCell.swift */; };
		206D5D7823855DBB001E1EB3 /* RecipeListTableViewCell.xib in Resources */ = {isa = PBXBuildFile; fileRef = 206D5D7623855DBB001E1EB3 /* RecipeListTableViewCell.xib */; };
		206D5D7A23856340001E1EB3 /* RecipeListCellViewModel.swift in Sources */ = {isa = PBXBuildFile; fileRef = 206D5D7923856340001E1EB3 /* RecipeListCellViewModel.swift */; };
		20BA6E92238689F300FB73A9 /* RecipeDataSource.swift in Sources */ = {isa = PBXBuildFile; fileRef = 20BA6E91238689F300FB73A9 /* RecipeDataSource.swift */; };
		20BA6E9723868E6C00FB73A9 /* ImageTableViewCell.swift in Sources */ = {isa = PBXBuildFile; fileRef = 20BA6E9523868E6C00FB73A9 /* ImageTableViewCell.swift */; };
		20BA6E9823868E6C00FB73A9 /* ImageTableViewCell.xib in Resources */ = {isa = PBXBuildFile; fileRef = 20BA6E9623868E6C00FB73A9 /* ImageTableViewCell.xib */; };
		20BA6E9A23868E7800FB73A9 /* ImageCellViewModel.swift in Sources */ = {isa = PBXBuildFile; fileRef = 20BA6E9923868E7800FB73A9 /* ImageCellViewModel.swift */; };
		20BA6E9E238690C600FB73A9 /* AboutTableViewCell.swift in Sources */ = {isa = PBXBuildFile; fileRef = 20BA6E9C238690C600FB73A9 /* AboutTableViewCell.swift */; };
		20BA6E9F238690C600FB73A9 /* AboutTableViewCell.xib in Resources */ = {isa = PBXBuildFile; fileRef = 20BA6E9D238690C600FB73A9 /* AboutTableViewCell.xib */; };
		20BA6EA1238690D300FB73A9 /* AboutCellViewModel.swift in Sources */ = {isa = PBXBuildFile; fileRef = 20BA6EA0238690D300FB73A9 /* AboutCellViewModel.swift */; };
		20BA6EA5238691C200FB73A9 /* IngredientsTableViewCell.swift in Sources */ = {isa = PBXBuildFile; fileRef = 20BA6EA3238691C200FB73A9 /* IngredientsTableViewCell.swift */; };
		20BA6EA6238691C200FB73A9 /* IngredientsTableViewCell.xib in Resources */ = {isa = PBXBuildFile; fileRef = 20BA6EA4238691C200FB73A9 /* IngredientsTableViewCell.xib */; };
		20BA6EA8238691D300FB73A9 /* IngredientsCellViewModel.swift in Sources */ = {isa = PBXBuildFile; fileRef = 20BA6EA7238691D300FB73A9 /* IngredientsCellViewModel.swift */; };
		20BA6EAC2386937100FB73A9 /* IngredientCollectionViewCell.swift in Sources */ = {isa = PBXBuildFile; fileRef = 20BA6EAA2386937100FB73A9 /* IngredientCollectionViewCell.swift */; };
		20BA6EAD2386937100FB73A9 /* IngredientCollectionViewCell.xib in Resources */ = {isa = PBXBuildFile; fileRef = 20BA6EAB2386937100FB73A9 /* IngredientCollectionViewCell.xib */; };
		20BA6EAF2386939A00FB73A9 /* DisposableCollectionViewCell.swift in Sources */ = {isa = PBXBuildFile; fileRef = 20BA6EAE2386939A00FB73A9 /* DisposableCollectionViewCell.swift */; };
		20C218722386954A00D463D2 /* IngredientCellViewModel.swift in Sources */ = {isa = PBXBuildFile; fileRef = 20C218712386954A00D463D2 /* IngredientCellViewModel.swift */; };
		20C21874238696F500D463D2 /* UICollectionView+Identifiable.swift in Sources */ = {isa = PBXBuildFile; fileRef = 20C21873238696F500D463D2 /* UICollectionView+Identifiable.swift */; };
		20EEE919238407AF00856793 /* Ingredient.swift in Sources */ = {isa = PBXBuildFile; fileRef = 20EEE918238407AF00856793 /* Ingredient.swift */; };
		20EEE91B2384087300856793 /* Recipe.swift in Sources */ = {isa = PBXBuildFile; fileRef = 20EEE91A2384087300856793 /* Recipe.swift */; };
		8ABB7D9A9079F205BBB3F2EE /* Pods_FoodApp.framework in Frameworks */ = {isa = PBXBuildFile; fileRef = 1AE017954A0DB22D336A7C62 /* Pods_FoodApp.framework */; };
/* End PBXBuildFile section */

/* Begin PBXFileReference section */
		1AE017954A0DB22D336A7C62 /* Pods_FoodApp.framework */ = {isa = PBXFileReference; explicitFileType = wrapper.framework; includeInIndex = 0; path = Pods_FoodApp.framework; sourceTree = BUILT_PRODUCTS_DIR; };
		204971CA2383CBC200B1593C /* FoodApp.app */ = {isa = PBXFileReference; explicitFileType = wrapper.application; includeInIndex = 0; path = FoodApp.app; sourceTree = BUILT_PRODUCTS_DIR; };
		204971CD2383CBC200B1593C /* AppDelegate.swift */ = {isa = PBXFileReference; lastKnownFileType = sourcecode.swift; path = AppDelegate.swift; sourceTree = "<group>"; };
		204971D42383CBC200B1593C /* Base */ = {isa = PBXFileReference; lastKnownFileType = file.storyboard; name = Base; path = Base.lproj/Main.storyboard; sourceTree = "<group>"; };
		204971D62383CBC400B1593C /* Assets.xcassets */ = {isa = PBXFileReference; lastKnownFileType = folder.assetcatalog; path = Assets.xcassets; sourceTree = "<group>"; };
		204971D92383CBC400B1593C /* Base */ = {isa = PBXFileReference; lastKnownFileType = file.storyboard; name = Base; path = Base.lproj/LaunchScreen.storyboard; sourceTree = "<group>"; };
		204971DB2383CBC400B1593C /* Info.plist */ = {isa = PBXFileReference; lastKnownFileType = text.plist.xml; path = Info.plist; sourceTree = "<group>"; };
		204971EA2383DDC200B1593C /* Constants.swift */ = {isa = PBXFileReference; lastKnownFileType = sourcecode.swift; path = Constants.swift; sourceTree = "<group>"; };
		204971ED2383DDFE00B1593C /* BindableType.swift */ = {isa = PBXFileReference; fileEncoding = 4; lastKnownFileType = sourcecode.swift; path = BindableType.swift; sourceTree = "<group>"; };
		204971EF2383DDFE00B1593C /* Rx+Optional.swift */ = {isa = PBXFileReference; fileEncoding = 4; lastKnownFileType = sourcecode.swift; path = "Rx+Optional.swift"; sourceTree = "<group>"; };
		204971F02383DDFE00B1593C /* Rx+Keyboard.swift */ = {isa = PBXFileReference; fileEncoding = 4; lastKnownFileType = sourcecode.swift; path = "Rx+Keyboard.swift"; sourceTree = "<group>"; };
		204971F12383DDFE00B1593C /* Rx+BehaviorRelay.swift */ = {isa = PBXFileReference; fileEncoding = 4; lastKnownFileType = sourcecode.swift; path = "Rx+BehaviorRelay.swift"; sourceTree = "<group>"; };
		204971F22383DDFE00B1593C /* Rx+TwoWayBinding.swift */ = {isa = PBXFileReference; fileEncoding = 4; lastKnownFileType = sourcecode.swift; path = "Rx+TwoWayBinding.swift"; sourceTree = "<group>"; };
		204971F92383DDFE00B1593C /* NSErrorExtensions.swift */ = {isa = PBXFileReference; fileEncoding = 4; lastKnownFileType = sourcecode.swift; path = NSErrorExtensions.swift; sourceTree = "<group>"; };
		204971FA2383DDFE00B1593C /* UIAlertControllerExtension.swift */ = {isa = PBXFileReference; fileEncoding = 4; lastKnownFileType = sourcecode.swift; path = UIAlertControllerExtension.swift; sourceTree = "<group>"; };
		204971FB2383DDFE00B1593C /* UIViewControllerExtension.swift */ = {isa = PBXFileReference; fileEncoding = 4; lastKnownFileType = sourcecode.swift; path = UIViewControllerExtension.swift; sourceTree = "<group>"; };
		204971FC2383DDFE00B1593C /* UIViewExtensions.swift */ = {isa = PBXFileReference; fileEncoding = 4; lastKnownFileType = sourcecode.swift; path = UIViewExtensions.swift; sourceTree = "<group>"; };
		204971FF2383DDFE00B1593C /* ClassIdentifiable.swift */ = {isa = PBXFileReference; fileEncoding = 4; lastKnownFileType = sourcecode.swift; path = ClassIdentifiable.swift; sourceTree = "<group>"; };
		204972002383DDFE00B1593C /* NibIdentifiable.swift */ = {isa = PBXFileReference; fileEncoding = 4; lastKnownFileType = sourcecode.swift; path = NibIdentifiable.swift; sourceTree = "<group>"; };
		204972012383DDFE00B1593C /* UITableView+Identifiable.swift */ = {isa = PBXFileReference; fileEncoding = 4; lastKnownFileType = sourcecode.swift; path = "UITableView+Identifiable.swift"; sourceTree = "<group>"; };
		204972032383DDFE00B1593C /* DisposableTableViewCell.swift */ = {isa = PBXFileReference; fileEncoding = 4; lastKnownFileType = sourcecode.swift; path = DisposableTableViewCell.swift; sourceTree = "<group>"; };
		204972042383DDFE00B1593C /* DisposableViewController.swift */ = {isa = PBXFileReference; fileEncoding = 4; lastKnownFileType = sourcecode.swift; path = DisposableViewController.swift; sourceTree = "<group>"; };
		204972052383DDFE00B1593C /* DisposableViewModel.swift */ = {isa = PBXFileReference; fileEncoding = 4; lastKnownFileType = sourcecode.swift; path = DisposableViewModel.swift; sourceTree = "<group>"; };
		205142022385017300A782D3 /* RecipeListViewController.swift */ = {isa = PBXFileReference; lastKnownFileType = sourcecode.swift; path = RecipeListViewController.swift; sourceTree = "<group>"; };
		205142032385017300A782D3 /* RecipeListViewController.xib */ = {isa = PBXFileReference; lastKnownFileType = file.xib; path = RecipeListViewController.xib; sourceTree = "<group>"; };
		205142062385018400A782D3 /* RecipeListViewModel.swift */ = {isa = PBXFileReference; lastKnownFileType = sourcecode.swift; path = RecipeListViewModel.swift; sourceTree = "<group>"; };
		2051420923850DFB00A782D3 /* RecipeService.swift */ = {isa = PBXFileReference; lastKnownFileType = sourcecode.swift; path = RecipeService.swift; sourceTree = "<group>"; };
		2051420B23850F6600A782D3 /* IngredientService.swift */ = {isa = PBXFileReference; lastKnownFileType = sourcecode.swift; path = IngredientService.swift; sourceTree = "<group>"; };
		2051420E238514F200A782D3 /* RecipeViewController.swift */ = {isa = PBXFileReference; lastKnownFileType = sourcecode.swift; path = RecipeViewController.swift; sourceTree = "<group>"; };
		2051420F238514F200A782D3 /* RecipeViewController.xib */ = {isa = PBXFileReference; lastKnownFileType = file.xib; path = RecipeViewController.xib; sourceTree = "<group>"; };
		205142122385150F00A782D3 /* RecipeViewModel.swift */ = {isa = PBXFileReference; lastKnownFileType = sourcecode.swift; path = RecipeViewModel.swift; sourceTree = "<group>"; };
		206D5D7023854F66001E1EB3 /* UserDefaultsExtension.swift */ = {isa = PBXFileReference; fileEncoding = 4; lastKnownFileType = sourcecode.swift; path = UserDefaultsExtension.swift; sourceTree = "<group>"; };
		206D5D722385557C001E1EB3 /* UserService.swift */ = {isa = PBXFileReference; lastKnownFileType = sourcecode.swift; path = UserService.swift; sourceTree = "<group>"; };
		206D5D7523855DBB001E1EB3 /* RecipeListTableViewCell.swift */ = {isa = PBXFileReference; lastKnownFileType = sourcecode.swift; path = RecipeListTableViewCell.swift; sourceTree = "<group>"; };
		206D5D7623855DBB001E1EB3 /* RecipeListTableViewCell.xib */ = {isa = PBXFileReference; lastKnownFileType = file.xib; path = RecipeListTableViewCell.xib; sourceTree = "<group>"; };
		206D5D7923856340001E1EB3 /* RecipeListCellViewModel.swift */ = {isa = PBXFileReference; lastKnownFileType = sourcecode.swift; path = RecipeListCellViewModel.swift; sourceTree = "<group>"; };
		20BA6E91238689F300FB73A9 /* RecipeDataSource.swift */ = {isa = PBXFileReference; lastKnownFileType = sourcecode.swift; path = RecipeDataSource.swift; sourceTree = "<group>"; };
		20BA6E9523868E6C00FB73A9 /* ImageTableViewCell.swift */ = {isa = PBXFileReference; lastKnownFileType = sourcecode.swift; path = ImageTableViewCell.swift; sourceTree = "<group>"; };
		20BA6E9623868E6C00FB73A9 /* ImageTableViewCell.xib */ = {isa = PBXFileReference; lastKnownFileType = file.xib; path = ImageTableViewCell.xib; sourceTree = "<group>"; };
		20BA6E9923868E7800FB73A9 /* ImageCellViewModel.swift */ = {isa = PBXFileReference; lastKnownFileType = sourcecode.swift; path = ImageCellViewModel.swift; sourceTree = "<group>"; };
		20BA6E9C238690C600FB73A9 /* AboutTableViewCell.swift */ = {isa = PBXFileReference; lastKnownFileType = sourcecode.swift; path = AboutTableViewCell.swift; sourceTree = "<group>"; };
		20BA6E9D238690C600FB73A9 /* AboutTableViewCell.xib */ = {isa = PBXFileReference; lastKnownFileType = file.xib; path = AboutTableViewCell.xib; sourceTree = "<group>"; };
		20BA6EA0238690D300FB73A9 /* AboutCellViewModel.swift */ = {isa = PBXFileReference; lastKnownFileType = sourcecode.swift; path = AboutCellViewModel.swift; sourceTree = "<group>"; };
		20BA6EA3238691C200FB73A9 /* IngredientsTableViewCell.swift */ = {isa = PBXFileReference; lastKnownFileType = sourcecode.swift; path = IngredientsTableViewCell.swift; sourceTree = "<group>"; };
		20BA6EA4238691C200FB73A9 /* IngredientsTableViewCell.xib */ = {isa = PBXFileReference; lastKnownFileType = file.xib; path = IngredientsTableViewCell.xib; sourceTree = "<group>"; };
		20BA6EA7238691D300FB73A9 /* IngredientsCellViewModel.swift */ = {isa = PBXFileReference; lastKnownFileType = sourcecode.swift; path = IngredientsCellViewModel.swift; sourceTree = "<group>"; };
		20BA6EAA2386937100FB73A9 /* IngredientCollectionViewCell.swift */ = {isa = PBXFileReference; lastKnownFileType = sourcecode.swift; path = IngredientCollectionViewCell.swift; sourceTree = "<group>"; };
		20BA6EAB2386937100FB73A9 /* IngredientCollectionViewCell.xib */ = {isa = PBXFileReference; lastKnownFileType = file.xib; path = IngredientCollectionViewCell.xib; sourceTree = "<group>"; };
		20BA6EAE2386939A00FB73A9 /* DisposableCollectionViewCell.swift */ = {isa = PBXFileReference; lastKnownFileType = sourcecode.swift; path = DisposableCollectionViewCell.swift; sourceTree = "<group>"; };
		20C218712386954A00D463D2 /* IngredientCellViewModel.swift */ = {isa = PBXFileReference; lastKnownFileType = sourcecode.swift; path = IngredientCellViewModel.swift; sourceTree = "<group>"; };
		20C21873238696F500D463D2 /* UICollectionView+Identifiable.swift */ = {isa = PBXFileReference; lastKnownFileType = sourcecode.swift; path = "UICollectionView+Identifiable.swift"; sourceTree = "<group>"; };
		20EEE918238407AF00856793 /* Ingredient.swift */ = {isa = PBXFileReference; lastKnownFileType = sourcecode.swift; path = Ingredient.swift; sourceTree = "<group>"; };
		20EEE91A2384087300856793 /* Recipe.swift */ = {isa = PBXFileReference; lastKnownFileType = sourcecode.swift; path = Recipe.swift; sourceTree = "<group>"; };
		47923DAFFC3C8DC93ED6C1B8 /* Pods-FoodApp.release.xcconfig */ = {isa = PBXFileReference; includeInIndex = 1; lastKnownFileType = text.xcconfig; name = "Pods-FoodApp.release.xcconfig"; path = "Target Support Files/Pods-FoodApp/Pods-FoodApp.release.xcconfig"; sourceTree = "<group>"; };
		5391CD9D7EE899FE9016851D /* Pods-FoodApp.debug.xcconfig */ = {isa = PBXFileReference; includeInIndex = 1; lastKnownFileType = text.xcconfig; name = "Pods-FoodApp.debug.xcconfig"; path = "Target Support Files/Pods-FoodApp/Pods-FoodApp.debug.xcconfig"; sourceTree = "<group>"; };
/* End PBXFileReference section */

/* Begin PBXFrameworksBuildPhase section */
		204971C72383CBC200B1593C /* Frameworks */ = {
			isa = PBXFrameworksBuildPhase;
			buildActionMask = 2147483647;
			files = (
				8ABB7D9A9079F205BBB3F2EE /* Pods_FoodApp.framework in Frameworks */,
			);
			runOnlyForDeploymentPostprocessing = 0;
		};
/* End PBXFrameworksBuildPhase section */

/* Begin PBXGroup section */
		204971C12383CBC200B1593C = {
			isa = PBXGroup;
			children = (
				204971CC2383CBC200B1593C /* FoodApp */,
				204971CB2383CBC200B1593C /* Products */,
				97280D30EDE590BF3ABC9563 /* Pods */,
				CE785990AE3437EC57E3F650 /* Frameworks */,
			);
			sourceTree = "<group>";
		};
		204971CB2383CBC200B1593C /* Products */ = {
			isa = PBXGroup;
			children = (
				204971CA2383CBC200B1593C /* FoodApp.app */,
			);
			name = Products;
			sourceTree = "<group>";
		};
		204971CC2383CBC200B1593C /* FoodApp */ = {
			isa = PBXGroup;
			children = (
				204971E12383DA1B00B1593C /* Application */,
				204971EC2383DDFE00B1593C /* Utilities */,
				204971E82383DD9700B1593C /* Resources */,
				204971D32383CBC200B1593C /* Main.storyboard */,
				204971D62383CBC400B1593C /* Assets.xcassets */,
				204971D82383CBC400B1593C /* LaunchScreen.storyboard */,
				204971DB2383CBC400B1593C /* Info.plist */,
			);
			path = FoodApp;
			sourceTree = "<group>";
		};
		204971E12383DA1B00B1593C /* Application */ = {
			isa = PBXGroup;
			children = (
				20EEE9162384079B00856793 /* BusinessLogic */,
				204971CD2383CBC200B1593C /* AppDelegate.swift */,
				204971E22383DA2200B1593C /* UI */,
			);
			path = Application;
			sourceTree = "<group>";
		};
		204971E22383DA2200B1593C /* UI */ = {
			isa = PBXGroup;
			children = (
				205142002385014D00A782D3 /* MainFlow */,
			);
			path = UI;
			sourceTree = "<group>";
		};
		204971E82383DD9700B1593C /* Resources */ = {
			isa = PBXGroup;
			children = (
				204971EA2383DDC200B1593C /* Constants.swift */,
			);
			path = Resources;
			sourceTree = "<group>";
		};
		204971EC2383DDFE00B1593C /* Utilities */ = {
			isa = PBXGroup;
			children = (
				204971ED2383DDFE00B1593C /* BindableType.swift */,
				204971EE2383DDFE00B1593C /* RxExtensions */,
				204971F62383DDFE00B1593C /* Extensions */,
				204971FE2383DDFE00B1593C /* Identifiable */,
				204972022383DDFE00B1593C /* Disposable */,
			);
			path = Utilities;
			sourceTree = "<group>";
		};
		204971EE2383DDFE00B1593C /* RxExtensions */ = {
			isa = PBXGroup;
			children = (
				204971EF2383DDFE00B1593C /* Rx+Optional.swift */,
				204971F02383DDFE00B1593C /* Rx+Keyboard.swift */,
				204971F12383DDFE00B1593C /* Rx+BehaviorRelay.swift */,
				204971F22383DDFE00B1593C /* Rx+TwoWayBinding.swift */,
			);
			path = RxExtensions;
			sourceTree = "<group>";
		};
		204971F62383DDFE00B1593C /* Extensions */ = {
			isa = PBXGroup;
			children = (
				204971F92383DDFE00B1593C /* NSErrorExtensions.swift */,
				204971FA2383DDFE00B1593C /* UIAlertControllerExtension.swift */,
				204971FB2383DDFE00B1593C /* UIViewControllerExtension.swift */,
				204971FC2383DDFE00B1593C /* UIViewExtensions.swift */,
				206D5D7023854F66001E1EB3 /* UserDefaultsExtension.swift */,
			);
			path = Extensions;
			sourceTree = "<group>";
		};
		204971FE2383DDFE00B1593C /* Identifiable */ = {
			isa = PBXGroup;
			children = (
				204971FF2383DDFE00B1593C /* ClassIdentifiable.swift */,
				204972002383DDFE00B1593C /* NibIdentifiable.swift */,
				204972012383DDFE00B1593C /* UITableView+Identifiable.swift */,
				20C21873238696F500D463D2 /* UICollectionView+Identifiable.swift */,
			);
			path = Identifiable;
			sourceTree = "<group>";
		};
		204972022383DDFE00B1593C /* Disposable */ = {
			isa = PBXGroup;
			children = (
				20BA6EAE2386939A00FB73A9 /* DisposableCollectionViewCell.swift */,
				204972032383DDFE00B1593C /* DisposableTableViewCell.swift */,
				204972042383DDFE00B1593C /* DisposableViewController.swift */,
				204972052383DDFE00B1593C /* DisposableViewModel.swift */,
			);
			path = Disposable;
			sourceTree = "<group>";
		};
		205142002385014D00A782D3 /* MainFlow */ = {
			isa = PBXGroup;
			children = (
				205142012385016200A782D3 /* RecipeList */,
				2051420D238514CA00A782D3 /* Recipe */,
			);
			path = MainFlow;
			sourceTree = "<group>";
		};
		205142012385016200A782D3 /* RecipeList */ = {
			isa = PBXGroup;
			children = (
				205142022385017300A782D3 /* RecipeListViewController.swift */,
				205142062385018400A782D3 /* RecipeListViewModel.swift */,
				205142032385017300A782D3 /* RecipeListViewController.xib */,
				206D5D7423855CBF001E1EB3 /* RecipeListCell */,
			);
			path = RecipeList;
			sourceTree = "<group>";
		};
		2051420823850D4D00A782D3 /* Services */ = {
			isa = PBXGroup;
			children = (
				2051420923850DFB00A782D3 /* RecipeService.swift */,
				2051420B23850F6600A782D3 /* IngredientService.swift */,
				206D5D722385557C001E1EB3 /* UserService.swift */,
			);
			path = Services;
			sourceTree = "<group>";
		};
		2051420D238514CA00A782D3 /* Recipe */ = {
			isa = PBXGroup;
			children = (
				2051420E238514F200A782D3 /* RecipeViewController.swift */,
				205142122385150F00A782D3 /* RecipeViewModel.swift */,
				2051420F238514F200A782D3 /* RecipeViewController.xib */,
				20BA6E91238689F300FB73A9 /* RecipeDataSource.swift */,
				20BA6E9323868E1100FB73A9 /* RecipeCells */,
			);
			path = Recipe;
			sourceTree = "<group>";
		};
		206D5D7423855CBF001E1EB3 /* RecipeListCell */ = {
			isa = PBXGroup;
			children = (
				206D5D7523855DBB001E1EB3 /* RecipeListTableViewCell.swift */,
				206D5D7923856340001E1EB3 /* RecipeListCellViewModel.swift */,
				206D5D7623855DBB001E1EB3 /* RecipeListTableViewCell.xib */,
			);
			path = RecipeListCell;
			sourceTree = "<group>";
		};
		20BA6E9323868E1100FB73A9 /* RecipeCells */ = {
			isa = PBXGroup;
			children = (
				20BA6E9423868E2400FB73A9 /* RecipeImageCell */,
				20BA6E9B238690A900FB73A9 /* RecipeAboutCell */,
				20BA6EA22386919200FB73A9 /* RecipeIngrediensCell */,
			);
			path = RecipeCells;
			sourceTree = "<group>";
		};
		20BA6E9423868E2400FB73A9 /* RecipeImageCell */ = {
			isa = PBXGroup;
			children = (
				20BA6E9523868E6C00FB73A9 /* ImageTableViewCell.swift */,
				20BA6E9923868E7800FB73A9 /* ImageCellViewModel.swift */,
				20BA6E9623868E6C00FB73A9 /* ImageTableViewCell.xib */,
			);
			path = RecipeImageCell;
			sourceTree = "<group>";
		};
		20BA6E9B238690A900FB73A9 /* RecipeAboutCell */ = {
			isa = PBXGroup;
			children = (
				20BA6E9C238690C600FB73A9 /* AboutTableViewCell.swift */,
				20BA6EA0238690D300FB73A9 /* AboutCellViewModel.swift */,
				20BA6E9D238690C600FB73A9 /* AboutTableViewCell.xib */,
			);
			path = RecipeAboutCell;
			sourceTree = "<group>";
		};
		20BA6EA22386919200FB73A9 /* RecipeIngrediensCell */ = {
			isa = PBXGroup;
			children = (
				20BA6EA3238691C200FB73A9 /* IngredientsTableViewCell.swift */,
				20BA6EA7238691D300FB73A9 /* IngredientsCellViewModel.swift */,
				20BA6EA4238691C200FB73A9 /* IngredientsTableViewCell.xib */,
				20BA6EA92386934D00FB73A9 /* IngredientCell */,
			);
			path = RecipeIngrediensCell;
			sourceTree = "<group>";
		};
		20BA6EA92386934D00FB73A9 /* IngredientCell */ = {
			isa = PBXGroup;
			children = (
				20BA6EAA2386937100FB73A9 /* IngredientCollectionViewCell.swift */,
				20C218712386954A00D463D2 /* IngredientCellViewModel.swift */,
				20BA6EAB2386937100FB73A9 /* IngredientCollectionViewCell.xib */,
			);
			path = IngredientCell;
			sourceTree = "<group>";
		};
		20EEE9162384079B00856793 /* BusinessLogic */ = {
			isa = PBXGroup;
			children = (
				2051420823850D4D00A782D3 /* Services */,
				20EEE917238407A400856793 /* Models */,
			);
			path = BusinessLogic;
			sourceTree = "<group>";
		};
		20EEE917238407A400856793 /* Models */ = {
			isa = PBXGroup;
			children = (
				20EEE918238407AF00856793 /* Ingredient.swift */,
				20EEE91A2384087300856793 /* Recipe.swift */,
			);
			path = Models;
			sourceTree = "<group>";
		};
		97280D30EDE590BF3ABC9563 /* Pods */ = {
			isa = PBXGroup;
			children = (
				5391CD9D7EE899FE9016851D /* Pods-FoodApp.debug.xcconfig */,
				47923DAFFC3C8DC93ED6C1B8 /* Pods-FoodApp.release.xcconfig */,
			);
			path = Pods;
			sourceTree = "<group>";
		};
		CE785990AE3437EC57E3F650 /* Frameworks */ = {
			isa = PBXGroup;
			children = (
				1AE017954A0DB22D336A7C62 /* Pods_FoodApp.framework */,
			);
			name = Frameworks;
			sourceTree = "<group>";
		};
/* End PBXGroup section */

/* Begin PBXNativeTarget section */
		204971C92383CBC200B1593C /* FoodApp */ = {
			isa = PBXNativeTarget;
			buildConfigurationList = 204971DE2383CBC400B1593C /* Build configuration list for PBXNativeTarget "FoodApp" */;
			buildPhases = (
				B0242EE7482E770E1E2FF9C2 /* [CP] Check Pods Manifest.lock */,
				204971C62383CBC200B1593C /* Sources */,
				204971C72383CBC200B1593C /* Frameworks */,
				204971C82383CBC200B1593C /* Resources */,
				17BFE775FCADC11CF6D3B393 /* [CP] Embed Pods Frameworks */,
			);
			buildRules = (
			);
			dependencies = (
			);
			name = FoodApp;
			productName = FoodApp;
			productReference = 204971CA2383CBC200B1593C /* FoodApp.app */;
			productType = "com.apple.product-type.application";
		};
/* End PBXNativeTarget section */

/* Begin PBXProject section */
		204971C22383CBC200B1593C /* Project object */ = {
			isa = PBXProject;
			attributes = {
				LastSwiftUpdateCheck = 1100;
				LastUpgradeCheck = 1100;
				ORGANIZATIONNAME = BytePace;
				TargetAttributes = {
					204971C92383CBC200B1593C = {
						CreatedOnToolsVersion = 11.0;
					};
				};
			};
			buildConfigurationList = 204971C52383CBC200B1593C /* Build configuration list for PBXProject "FoodApp" */;
			compatibilityVersion = "Xcode 9.3";
			developmentRegion = en;
			hasScannedForEncodings = 0;
			knownRegions = (
				en,
				Base,
			);
			mainGroup = 204971C12383CBC200B1593C;
			productRefGroup = 204971CB2383CBC200B1593C /* Products */;
			projectDirPath = "";
			projectRoot = "";
			targets = (
				204971C92383CBC200B1593C /* FoodApp */,
			);
		};
/* End PBXProject section */

/* Begin PBXResourcesBuildPhase section */
		204971C82383CBC200B1593C /* Resources */ = {
			isa = PBXResourcesBuildPhase;
			buildActionMask = 2147483647;
			files = (
				20BA6E9823868E6C00FB73A9 /* ImageTableViewCell.xib in Resources */,
				205142052385017300A782D3 /* RecipeListViewController.xib in Resources */,
				20BA6EA6238691C200FB73A9 /* IngredientsTableViewCell.xib in Resources */,
				204971DA2383CBC400B1593C /* LaunchScreen.storyboard in Resources */,
				20514211238514F200A782D3 /* RecipeViewController.xib in Resources */,
				204971D72383CBC400B1593C /* Assets.xcassets in Resources */,
				20BA6E9F238690C600FB73A9 /* AboutTableViewCell.xib in Resources */,
				204971D52383CBC200B1593C /* Main.storyboard in Resources */,
				20BA6EAD2386937100FB73A9 /* IngredientCollectionViewCell.xib in Resources */,
				206D5D7823855DBB001E1EB3 /* RecipeListTableViewCell.xib in Resources */,
			);
			runOnlyForDeploymentPostprocessing = 0;
		};
/* End PBXResourcesBuildPhase section */

/* Begin PBXShellScriptBuildPhase section */
		17BFE775FCADC11CF6D3B393 /* [CP] Embed Pods Frameworks */ = {
			isa = PBXShellScriptBuildPhase;
			buildActionMask = 2147483647;
			files = (
			);
			inputFileListPaths = (
				"${PODS_ROOT}/Target Support Files/Pods-FoodApp/Pods-FoodApp-frameworks-${CONFIGURATION}-input-files.xcfilelist",
			);
			name = "[CP] Embed Pods Frameworks";
			outputFileListPaths = (
				"${PODS_ROOT}/Target Support Files/Pods-FoodApp/Pods-FoodApp-frameworks-${CONFIGURATION}-output-files.xcfilelist",
			);
			runOnlyForDeploymentPostprocessing = 0;
			shellPath = /bin/sh;
			shellScript = "\"${PODS_ROOT}/Target Support Files/Pods-FoodApp/Pods-FoodApp-frameworks.sh\"\n";
			showEnvVarsInLog = 0;
		};
		B0242EE7482E770E1E2FF9C2 /* [CP] Check Pods Manifest.lock */ = {
			isa = PBXShellScriptBuildPhase;
			buildActionMask = 2147483647;
			files = (
			);
			inputFileListPaths = (
			);
			inputPaths = (
				"${PODS_PODFILE_DIR_PATH}/Podfile.lock",
				"${PODS_ROOT}/Manifest.lock",
			);
			name = "[CP] Check Pods Manifest.lock";
			outputFileListPaths = (
			);
			outputPaths = (
				"$(DERIVED_FILE_DIR)/Pods-FoodApp-checkManifestLockResult.txt",
			);
			runOnlyForDeploymentPostprocessing = 0;
			shellPath = /bin/sh;
			shellScript = "diff \"${PODS_PODFILE_DIR_PATH}/Podfile.lock\" \"${PODS_ROOT}/Manifest.lock\" > /dev/null\nif [ $? != 0 ] ; then\n    # print error to STDERR\n    echo \"error: The sandbox is not in sync with the Podfile.lock. Run 'pod install' or update your CocoaPods installation.\" >&2\n    exit 1\nfi\n# This output is used by Xcode 'outputs' to avoid re-running this script phase.\necho \"SUCCESS\" > \"${SCRIPT_OUTPUT_FILE_0}\"\n";
			showEnvVarsInLog = 0;
		};
/* End PBXShellScriptBuildPhase section */

/* Begin PBXSourcesBuildPhase section */
		204971C62383CBC200B1593C /* Sources */ = {
			isa = PBXSourcesBuildPhase;
			buildActionMask = 2147483647;
			files = (
				20BA6EA1238690D300FB73A9 /* AboutCellViewModel.swift in Sources */,
				205142072385018400A782D3 /* RecipeListViewModel.swift in Sources */,
				2049720A2383DDFE00B1593C /* Rx+BehaviorRelay.swift in Sources */,
				20BA6E9A23868E7800FB73A9 /* ImageCellViewModel.swift in Sources */,
				206D5D732385557C001E1EB3 /* UserService.swift in Sources */,
				206D5D7723855DBB001E1EB3 /* RecipeListTableViewCell.swift in Sources */,
				20C21874238696F500D463D2 /* UICollectionView+Identifiable.swift in Sources */,
				204972072383DDFE00B1593C /* BindableType.swift in Sources */,
				20514210238514F200A782D3 /* RecipeViewController.swift in Sources */,
				204971CE2383CBC200B1593C /* AppDelegate.swift in Sources */,
				204972112383DDFE00B1593C /* NSErrorExtensions.swift in Sources */,
				205142042385017300A782D3 /* RecipeListViewController.swift in Sources */,
				204972132383DDFE00B1593C /* UIViewControllerExtension.swift in Sources */,
				204972092383DDFE00B1593C /* Rx+Keyboard.swift in Sources */,
				2049720B2383DDFE00B1593C /* Rx+TwoWayBinding.swift in Sources */,
				20BA6EAF2386939A00FB73A9 /* DisposableCollectionViewCell.swift in Sources */,
				206D5D7A23856340001E1EB3 /* RecipeListCellViewModel.swift in Sources */,
				2051420A23850DFB00A782D3 /* RecipeService.swift in Sources */,
				205142132385150F00A782D3 /* RecipeViewModel.swift in Sources */,
				20C218722386954A00D463D2 /* IngredientCellViewModel.swift in Sources */,
				206D5D7123854F66001E1EB3 /* UserDefaultsExtension.swift in Sources */,
				204972082383DDFE00B1593C /* Rx+Optional.swift in Sources */,
				204972182383DDFE00B1593C /* UITableView+Identifiable.swift in Sources */,
				2051420C23850F6600A782D3 /* IngredientService.swift in Sources */,
				20BA6EAC2386937100FB73A9 /* IngredientCollectionViewCell.swift in Sources */,
				2049721A2383DDFE00B1593C /* DisposableViewController.swift in Sources */,
				204972162383DDFE00B1593C /* ClassIdentifiable.swift in Sources */,
				2049721B2383DDFE00B1593C /* DisposableViewModel.swift in Sources */,
				204972192383DDFE00B1593C /* DisposableTableViewCell.swift in Sources */,
				20BA6EA5238691C200FB73A9 /* IngredientsTableViewCell.swift in Sources */,
				20EEE919238407AF00856793 /* Ingredient.swift in Sources */,
				204972142383DDFE00B1593C /* UIViewExtensions.swift in Sources */,
				204971EB2383DDC200B1593C /* Constants.swift in Sources */,
				20BA6EA8238691D300FB73A9 /* IngredientsCellViewModel.swift in Sources */,
				20BA6E9E238690C600FB73A9 /* AboutTableViewCell.swift in Sources */,
				204972172383DDFE00B1593C /* NibIdentifiable.swift in Sources */,
				20BA6E9723868E6C00FB73A9 /* ImageTableViewCell.swift in Sources */,
				204972122383DDFE00B1593C /* UIAlertControllerExtension.swift in Sources */,
				20BA6E92238689F300FB73A9 /* RecipeDataSource.swift in Sources */,
				20EEE91B2384087300856793 /* Recipe.swift in Sources */,
			);
			runOnlyForDeploymentPostprocessing = 0;
		};
/* End PBXSourcesBuildPhase section */

/* Begin PBXVariantGroup section */
		204971D32383CBC200B1593C /* Main.storyboard */ = {
			isa = PBXVariantGroup;
			children = (
				204971D42383CBC200B1593C /* Base */,
			);
			name = Main.storyboard;
			sourceTree = "<group>";
		};
		204971D82383CBC400B1593C /* LaunchScreen.storyboard */ = {
			isa = PBXVariantGroup;
			children = (
				204971D92383CBC400B1593C /* Base */,
			);
			name = LaunchScreen.storyboard;
			sourceTree = "<group>";
		};
/* End PBXVariantGroup section */

/* Begin XCBuildConfiguration section */
		204971DC2383CBC400B1593C /* Debug */ = {
			isa = XCBuildConfiguration;
			buildSettings = {
				ALWAYS_SEARCH_USER_PATHS = NO;
				CLANG_ANALYZER_NONNULL = YES;
				CLANG_ANALYZER_NUMBER_OBJECT_CONVERSION = YES_AGGRESSIVE;
				CLANG_CXX_LANGUAGE_STANDARD = "gnu++14";
				CLANG_CXX_LIBRARY = "libc++";
				CLANG_ENABLE_MODULES = YES;
				CLANG_ENABLE_OBJC_ARC = YES;
				CLANG_ENABLE_OBJC_WEAK = YES;
				CLANG_WARN_BLOCK_CAPTURE_AUTORELEASING = YES;
				CLANG_WARN_BOOL_CONVERSION = YES;
				CLANG_WARN_COMMA = YES;
				CLANG_WARN_CONSTANT_CONVERSION = YES;
				CLANG_WARN_DEPRECATED_OBJC_IMPLEMENTATIONS = YES;
				CLANG_WARN_DIRECT_OBJC_ISA_USAGE = YES_ERROR;
				CLANG_WARN_DOCUMENTATION_COMMENTS = YES;
				CLANG_WARN_EMPTY_BODY = YES;
				CLANG_WARN_ENUM_CONVERSION = YES;
				CLANG_WARN_INFINITE_RECURSION = YES;
				CLANG_WARN_INT_CONVERSION = YES;
				CLANG_WARN_NON_LITERAL_NULL_CONVERSION = YES;
				CLANG_WARN_OBJC_IMPLICIT_RETAIN_SELF = YES;
				CLANG_WARN_OBJC_LITERAL_CONVERSION = YES;
				CLANG_WARN_OBJC_ROOT_CLASS = YES_ERROR;
				CLANG_WARN_RANGE_LOOP_ANALYSIS = YES;
				CLANG_WARN_STRICT_PROTOTYPES = YES;
				CLANG_WARN_SUSPICIOUS_MOVE = YES;
				CLANG_WARN_UNGUARDED_AVAILABILITY = YES_AGGRESSIVE;
				CLANG_WARN_UNREACHABLE_CODE = YES;
				CLANG_WARN__DUPLICATE_METHOD_MATCH = YES;
				COPY_PHASE_STRIP = NO;
				DEBUG_INFORMATION_FORMAT = dwarf;
				ENABLE_STRICT_OBJC_MSGSEND = YES;
				ENABLE_TESTABILITY = YES;
				GCC_C_LANGUAGE_STANDARD = gnu11;
				GCC_DYNAMIC_NO_PIC = NO;
				GCC_NO_COMMON_BLOCKS = YES;
				GCC_OPTIMIZATION_LEVEL = 0;
				GCC_PREPROCESSOR_DEFINITIONS = (
					"DEBUG=1",
					"$(inherited)",
				);
				GCC_WARN_64_TO_32_BIT_CONVERSION = YES;
				GCC_WARN_ABOUT_RETURN_TYPE = YES_ERROR;
				GCC_WARN_UNDECLARED_SELECTOR = YES;
				GCC_WARN_UNINITIALIZED_AUTOS = YES_AGGRESSIVE;
				GCC_WARN_UNUSED_FUNCTION = YES;
				GCC_WARN_UNUSED_VARIABLE = YES;
				IPHONEOS_DEPLOYMENT_TARGET = 13.0;
				MTL_ENABLE_DEBUG_INFO = INCLUDE_SOURCE;
				MTL_FAST_MATH = YES;
				ONLY_ACTIVE_ARCH = YES;
				SDKROOT = iphoneos;
				SWIFT_ACTIVE_COMPILATION_CONDITIONS = DEBUG;
				SWIFT_OPTIMIZATION_LEVEL = "-Onone";
			};
			name = Debug;
		};
		204971DD2383CBC400B1593C /* Release */ = {
			isa = XCBuildConfiguration;
			buildSettings = {
				ALWAYS_SEARCH_USER_PATHS = NO;
				CLANG_ANALYZER_NONNULL = YES;
				CLANG_ANALYZER_NUMBER_OBJECT_CONVERSION = YES_AGGRESSIVE;
				CLANG_CXX_LANGUAGE_STANDARD = "gnu++14";
				CLANG_CXX_LIBRARY = "libc++";
				CLANG_ENABLE_MODULES = YES;
				CLANG_ENABLE_OBJC_ARC = YES;
				CLANG_ENABLE_OBJC_WEAK = YES;
				CLANG_WARN_BLOCK_CAPTURE_AUTORELEASING = YES;
				CLANG_WARN_BOOL_CONVERSION = YES;
				CLANG_WARN_COMMA = YES;
				CLANG_WARN_CONSTANT_CONVERSION = YES;
				CLANG_WARN_DEPRECATED_OBJC_IMPLEMENTATIONS = YES;
				CLANG_WARN_DIRECT_OBJC_ISA_USAGE = YES_ERROR;
				CLANG_WARN_DOCUMENTATION_COMMENTS = YES;
				CLANG_WARN_EMPTY_BODY = YES;
				CLANG_WARN_ENUM_CONVERSION = YES;
				CLANG_WARN_INFINITE_RECURSION = YES;
				CLANG_WARN_INT_CONVERSION = YES;
				CLANG_WARN_NON_LITERAL_NULL_CONVERSION = YES;
				CLANG_WARN_OBJC_IMPLICIT_RETAIN_SELF = YES;
				CLANG_WARN_OBJC_LITERAL_CONVERSION = YES;
				CLANG_WARN_OBJC_ROOT_CLASS = YES_ERROR;
				CLANG_WARN_RANGE_LOOP_ANALYSIS = YES;
				CLANG_WARN_STRICT_PROTOTYPES = YES;
				CLANG_WARN_SUSPICIOUS_MOVE = YES;
				CLANG_WARN_UNGUARDED_AVAILABILITY = YES_AGGRESSIVE;
				CLANG_WARN_UNREACHABLE_CODE = YES;
				CLANG_WARN__DUPLICATE_METHOD_MATCH = YES;
				COPY_PHASE_STRIP = NO;
				DEBUG_INFORMATION_FORMAT = "dwarf-with-dsym";
				ENABLE_NS_ASSERTIONS = NO;
				ENABLE_STRICT_OBJC_MSGSEND = YES;
				GCC_C_LANGUAGE_STANDARD = gnu11;
				GCC_NO_COMMON_BLOCKS = YES;
				GCC_WARN_64_TO_32_BIT_CONVERSION = YES;
				GCC_WARN_ABOUT_RETURN_TYPE = YES_ERROR;
				GCC_WARN_UNDECLARED_SELECTOR = YES;
				GCC_WARN_UNINITIALIZED_AUTOS = YES_AGGRESSIVE;
				GCC_WARN_UNUSED_FUNCTION = YES;
				GCC_WARN_UNUSED_VARIABLE = YES;
				IPHONEOS_DEPLOYMENT_TARGET = 13.0;
				MTL_ENABLE_DEBUG_INFO = NO;
				MTL_FAST_MATH = YES;
				SDKROOT = iphoneos;
				SWIFT_COMPILATION_MODE = wholemodule;
				SWIFT_OPTIMIZATION_LEVEL = "-O";
				VALIDATE_PRODUCT = YES;
			};
			name = Release;
		};
		204971DF2383CBC400B1593C /* Debug */ = {
			isa = XCBuildConfiguration;
			baseConfigurationReference = 5391CD9D7EE899FE9016851D /* Pods-FoodApp.debug.xcconfig */;
			buildSettings = {
				ASSETCATALOG_COMPILER_APPICON_NAME = AppIcon;
				CODE_SIGN_STYLE = Automatic;
				DEVELOPMENT_TEAM = W8L2H74HDW;
				INFOPLIST_FILE = FoodApp/Info.plist;
				IPHONEOS_DEPLOYMENT_TARGET = 11.0;
				LD_RUNPATH_SEARCH_PATHS = (
					"$(inherited)",
					"@executable_path/Frameworks",
				);
				PRODUCT_BUNDLE_IDENTIFIER = com.bytepace.FoodApp;
				PRODUCT_NAME = "$(TARGET_NAME)";
				SWIFT_VERSION = 5.0;
				TARGETED_DEVICE_FAMILY = "1,2";
			};
			name = Debug;
		};
		204971E02383CBC400B1593C /* Release */ = {
			isa = XCBuildConfiguration;
			baseConfigurationReference = 47923DAFFC3C8DC93ED6C1B8 /* Pods-FoodApp.release.xcconfig */;
			buildSettings = {
				ASSETCATALOG_COMPILER_APPICON_NAME = AppIcon;
				CODE_SIGN_STYLE = Automatic;
				DEVELOPMENT_TEAM = W8L2H74HDW;
				INFOPLIST_FILE = FoodApp/Info.plist;
				IPHONEOS_DEPLOYMENT_TARGET = 11.0;
				LD_RUNPATH_SEARCH_PATHS = (
					"$(inherited)",
					"@executable_path/Frameworks",
				);
				PRODUCT_BUNDLE_IDENTIFIER = com.bytepace.FoodApp;
				PRODUCT_NAME = "$(TARGET_NAME)";
				SWIFT_VERSION = 5.0;
				TARGETED_DEVICE_FAMILY = "1,2";
			};
			name = Release;
		};
/* End XCBuildConfiguration section */

/* Begin XCConfigurationList section */
		204971C52383CBC200B1593C /* Build configuration list for PBXProject "FoodApp" */ = {
			isa = XCConfigurationList;
			buildConfigurations = (
				204971DC2383CBC400B1593C /* Debug */,
				204971DD2383CBC400B1593C /* Release */,
			);
			defaultConfigurationIsVisible = 0;
			defaultConfigurationName = Release;
		};
		204971DE2383CBC400B1593C /* Build configuration list for PBXNativeTarget "FoodApp" */ = {
			isa = XCConfigurationList;
			buildConfigurations = (
				204971DF2383CBC400B1593C /* Debug */,
				204971E02383CBC400B1593C /* Release */,
			);
			defaultConfigurationIsVisible = 0;
			defaultConfigurationName = Release;
		};
/* End XCConfigurationList section */
	};
	rootObject = 204971C22383CBC200B1593C /* Project object */;
}
